version: 1.0
shards:
  crecto:
    github: fridgerator/crecto
    version: 0.8.7

  db:
    github: crystal-lang/crystal-db
    version: 0.5.0

  kemal:
    github: kemalcr/kemal
    version: 0.23.0

  kilt:
    github: jeromegn/kilt
    version: 0.4.0

  mysql:
    github: crystal-lang/crystal-mysql
    version: 0.5.0

  radix:
    github: luislavena/radix
    version: 0.3.8

  spec-kemal:
    github: kemalcr/spec-kemal
    version: 0.4.0

