version: 1.0
shards:
  crecto:
    github: fridgerator/crecto
    version: 0.8.6

  db:
    github: crystal-lang/crystal-db
    version: 0.5.0

  kemal:
    github: shiba-hiro/kemal
    commit: 1286d468ce5d96eaf5787d55ee7135cb09b71633

  kilt:
    github: jeromegn/kilt
    version: 0.4.0

  mysql:
    github: crystal-lang/crystal-mysql
    version: 0.4.0

  radix:
    github: luislavena/radix
    version: 0.3.8

  spec-kemal:
    github: kemalcr/spec-kemal
    commit: 93ab608228ea6619d15555d1c77a3bcff29f1dba

